
Microsoft Visual Studio Solution File, Format Version 12.00
Project("{FAE04EC0-301F-11D3-BF4B-00C04F79EFBC}") = "App", "App\App.csproj", "{9EC892D2-4A8B-4A43-8D94-ED0B62F5AB5C}"
EndProject
Project("{FAE04EC0-301F-11D3-BF4B-00C04F79EFBC}") = "GenericTests", "GenericTests\GenericTests.csproj", "{6E5ED38F-F788-4F1D-BC96-6217A6B29CF5}"
EndProject
Project("{FAE04EC0-301F-11D3-BF4B-00C04F79EFBC}") = "Graphs", "Graphs\Graphs.csproj", "{92D1D984-7E1F-491C-B80B-B3061B22E9A2}"
EndProject
Global
	GlobalSection(SolutionConfigurationPlatforms) = preSolution
		Debug|Any CPU = Debug|Any CPU
		Release|Any CPU = Release|Any CPU
	EndGlobalSection
	GlobalSection(ProjectConfigurationPlatforms) = postSolution
		{9EC892D2-4A8B-4A43-8D94-ED0B62F5AB5C}.Debug|Any CPU.ActiveCfg = Debug|Any CPU
		{9EC892D2-4A8B-4A43-8D94-ED0B62F5AB5C}.Debug|Any CPU.Build.0 = Debug|Any CPU
		{9EC892D2-4A8B-4A43-8D94-ED0B62F5AB5C}.Release|Any CPU.ActiveCfg = Release|Any CPU
		{9EC892D2-4A8B-4A43-8D94-ED0B62F5AB5C}.Release|Any CPU.Build.0 = Release|Any CPU
		{6E5ED38F-F788-4F1D-BC96-6217A6B29CF5}.Debug|Any CPU.ActiveCfg = Debug|Any CPU
		{6E5ED38F-F788-4F1D-BC96-6217A6B29CF5}.Debug|Any CPU.Build.0 = Debug|Any CPU
		{6E5ED38F-F788-4F1D-BC96-6217A6B29CF5}.Release|Any CPU.ActiveCfg = Release|Any CPU
		{6E5ED38F-F788-4F1D-BC96-6217A6B29CF5}.Release|Any CPU.Build.0 = Release|Any CPU
		{92D1D984-7E1F-491C-B80B-B3061B22E9A2}.Debug|Any CPU.ActiveCfg = Debug|Any CPU
		{92D1D984-7E1F-491C-B80B-B3061B22E9A2}.Debug|Any CPU.Build.0 = Debug|Any CPU
		{92D1D984-7E1F-491C-B80B-B3061B22E9A2}.Release|Any CPU.ActiveCfg = Release|Any CPU
		{92D1D984-7E1F-491C-B80B-B3061B22E9A2}.Release|Any CPU.Build.0 = Release|Any CPU
	EndGlobalSection
EndGlobal
